
Microsoft Visual Studio Solution File, Format Version 12.00
# Visual Studio Version 17
VisualStudioVersion = 17.11.35312.102
MinimumVisualStudioVersion = 10.0.40219.1
Project("{FAE04EC0-301F-11D3-BF4B-00C04F79EFBC}") = "CryptoApi", "CryptoApi\CryptoApi.csproj", "{1C57E92D-73F4-436B-845E-1592359CDBB1}"
EndProject
Global
	GlobalSection(SolutionConfigurationPlatforms) = preSolution
		Debug|Any CPU = Debug|Any CPU
		Release|Any CPU = Release|Any CPU
	EndGlobalSection
	GlobalSection(ProjectConfigurationPlatforms) = postSolution
		{1C57E92D-73F4-436B-845E-1592359CDBB1}.Debug|Any CPU.ActiveCfg = Debug|Any CPU
		{1C57E92D-73F4-436B-845E-1592359CDBB1}.Debug|Any CPU.Build.0 = Debug|Any CPU
		{1C57E92D-73F4-436B-845E-1592359CDBB1}.Release|Any CPU.ActiveCfg = Release|Any CPU
		{1C57E92D-73F4-436B-845E-1592359CDBB1}.Release|Any CPU.Build.0 = Release|Any CPU
	EndGlobalSection
	GlobalSection(SolutionProperties) = preSolution
		HideSolutionNode = FALSE
	EndGlobalSection
	GlobalSection(ExtensibilityGlobals) = postSolution
		SolutionGuid = {5E3C2449-E1EE-4155-AE8D-9A5DB9EA813D}
	EndGlobalSection
EndGlobal
